{
    "version": 3,
    "terraform_version": "0.11.11",
    "serial": 32,
    "lineage": "03751ae1-2233-7922-9680-2a7651862a6f",
    "modules": [
        {
            "path": [
                "root"
            ],
            "outputs": {},
            "resources": {
                "aws_db_instance.defaultdbinstance": {
                    "type": "aws_db_instance",
                    "depends_on": [
                        "aws_db_subnet_group.default"
                    ],
                    "primary": {
                        "id": "terraform-20200107151429623500000001",
                        "attributes": {
                            "address": "terraform-20200107151429623500000001.csvgbwgd5jjc.us-east-1.rds.amazonaws.com",
                            "allocated_storage": "20",
                            "arn": "arn:aws:rds:us-east-1:782956392747:db:terraform-20200107151429623500000001",
                            "auto_minor_version_upgrade": "true",
                            "availability_zone": "us-east-1a",
                            "backup_retention_period": "0",
                            "backup_window": "08:00-08:30",
                            "ca_cert_identifier": "rds-ca-2015",
                            "copy_tags_to_snapshot": "false",
                            "db_subnet_group_name": "terraform-20200107150644530600000001",
                            "deletion_protection": "false",
                            "domain": "",
                            "domain_iam_role_name": "",
                            "enabled_cloudwatch_logs_exports.#": "0",
                            "endpoint": "terraform-20200107151429623500000001.csvgbwgd5jjc.us-east-1.rds.amazonaws.com:5432",
                            "engine": "postgres",
                            "engine_version": "11.5",
                            "final_snapshot_identifier": "foo1",
                            "hosted_zone_id": "Z2R2ITUGPM61AM",
                            "iam_database_authentication_enabled": "false",
                            "id": "terraform-20200107151429623500000001",
                            "identifier": "terraform-20200107151429623500000001",
                            "instance_class": "db.t2.micro",
                            "iops": "0",
                            "kms_key_id": "",
                            "license_model": "postgresql-license",
                            "maintenance_window": "fri:05:56-fri:06:26",
                            "max_allocated_storage": "0",
                            "monitoring_interval": "0",
                            "monitoring_role_arn": "",
                            "multi_az": "false",
                            "name": "mypostgredb",
                            "option_group_name": "default:postgres-11",
                            "parameter_group_name": "default.postgres11",
                            "password": "foobarbaz",
                            "performance_insights_enabled": "false",
                            "performance_insights_kms_key_id": "",
                            "performance_insights_retention_period": "0",
                            "port": "5432",
                            "publicly_accessible": "false",
                            "replicas.#": "0",
                            "replicate_source_db": "",
                            "resource_id": "db-X7OL77BMNHFYGBOJU4SWNFGIHU",
                            "security_group_names.#": "0",
                            "skip_final_snapshot": "false",
                            "status": "deleting",
                            "storage_encrypted": "false",
                            "storage_type": "gp2",
                            "tags.%": "0",
                            "timezone": "",
                            "username": "foo",
                            "vpc_security_group_ids.#": "1",
                            "vpc_security_group_ids.3060312442": "sg-01957d0597d0a12b7"
                        },
                        "meta": {
                            "e2bfb730-ecaa-11e6-8f88-34363bc7c4c0": {
                                "create": 2400000000000,
                                "delete": 2400000000000,
                                "update": 4800000000000
                            }
                        },
                        "tainted": false
                    },
                    "deposed": [],
                    "provider": "provider.aws"
                },
                "aws_db_subnet_group.default": {
                    "type": "aws_db_subnet_group",
                    "depends_on": [
                        "aws_subnet.Privatesubn",
                        "aws_subnet.publicsubnet"
                    ],
                    "primary": {
                        "id": "terraform-20200107150644530600000001",
                        "attributes": {
                            "arn": "arn:aws:rds:us-east-1:782956392747:subgrp:terraform-20200107150644530600000001",
                            "description": "Managed by Terraform",
                            "id": "terraform-20200107150644530600000001",
                            "name": "terraform-20200107150644530600000001",
                            "subnet_ids.#": "2",
                            "subnet_ids.3987789727": "subnet-00b4c0598e5c1ca8b",
                            "subnet_ids.656257164": "subnet-02fa51ab5a1602f59",
                            "tags.%": "0"
                        },
                        "meta": {},
                        "tainted": false
                    },
                    "deposed": [],
                    "provider": "provider.aws"
                },
                "aws_eip.nat_ip": {
                    "type": "aws_eip",
                    "depends_on": [],
                    "primary": {
                        "id": "eipalloc-017f25eb02ab3f590",
                        "attributes": {
                            "association_id": "",
                            "domain": "vpc",
                            "id": "eipalloc-017f25eb02ab3f590",
                            "instance": "",
                            "network_interface": "",
                            "private_ip": "",
                            "public_dns": "ec2-34-232-120-192.compute-1.amazonaws.com",
                            "public_ip": "34.232.120.192",
                            "public_ipv4_pool": "amazon",
                            "tags.%": "0",
                            "vpc": "true"
                        },
                        "meta": {
                            "e2bfb730-ecaa-11e6-8f88-34363bc7c4c0": {
                                "delete": 180000000000,
                                "read": 900000000000,
                                "update": 300000000000
                            }
                        },
                        "tainted": false
                    },
                    "deposed": [],
                    "provider": "provider.aws"
                },
                "aws_internet_gateway.igw": {
                    "type": "aws_internet_gateway",
                    "depends_on": [
                        "aws_vpc.customVPC1"
                    ],
                    "primary": {
                        "id": "igw-0cb296767fd9013ac",
                        "attributes": {
                            "id": "igw-0cb296767fd9013ac",
                            "owner_id": "782956392747",
                            "tags.%": "0",
                            "vpc_id": "vpc-053c3dd350518b217"
                        },
                        "meta": {},
                        "tainted": false
                    },
                    "deposed": [],
                    "provider": "provider.aws"
                },
                "aws_nat_gateway.nat": {
                    "type": "aws_nat_gateway",
                    "depends_on": [
                        "aws_eip.nat_ip",
                        "aws_subnet.publicsubnet"
                    ],
                    "primary": {
                        "id": "nat-08879686acbab8b4f",
                        "attributes": {
                            "allocation_id": "eipalloc-017f25eb02ab3f590",
                            "id": "nat-08879686acbab8b4f",
                            "network_interface_id": "eni-06d99ed0e05345f49",
                            "private_ip": "10.0.129.176",
                            "public_ip": "34.232.120.192",
                            "subnet_id": "subnet-00b4c0598e5c1ca8b",
                            "tags.%": "0"
                        },
                        "meta": {},
                        "tainted": false
                    },
                    "deposed": [],
                    "provider": "provider.aws"
                },
                "aws_route.private_route": {
                    "type": "aws_route",
                    "depends_on": [
                        "aws_nat_gateway.nat",
                        "aws_vpc.customVPC1"
                    ],
                    "primary": {
                        "id": "r-rtb-0e25a20d2846148a71080289494",
                        "attributes": {
                            "destination_cidr_block": "0.0.0.0/0",
                            "destination_prefix_list_id": "",
                            "egress_only_gateway_id": "",
                            "gateway_id": "",
                            "id": "r-rtb-0e25a20d2846148a71080289494",
                            "instance_id": "",
                            "instance_owner_id": "",
                            "nat_gateway_id": "nat-08879686acbab8b4f",
                            "network_interface_id": "",
                            "origin": "CreateRoute",
                            "route_table_id": "rtb-0e25a20d2846148a7",
                            "state": "active",
                            "transit_gateway_id": "",
                            "vpc_peering_connection_id": ""
                        },
                        "meta": {
                            "e2bfb730-ecaa-11e6-8f88-34363bc7c4c0": {
                                "create": 120000000000,
                                "delete": 300000000000
                            }
                        },
                        "tainted": false
                    },
                    "deposed": [],
                    "provider": "provider.aws"
                },
                "aws_route_table.route_table1": {
                    "type": "aws_route_table",
                    "depends_on": [
                        "aws_internet_gateway.igw",
                        "aws_vpc.customVPC1"
                    ],
                    "primary": {
                        "id": "rtb-02157ab5748c9ab9f",
                        "attributes": {
                            "id": "rtb-02157ab5748c9ab9f",
                            "owner_id": "782956392747",
                            "propagating_vgws.#": "0",
                            "route.#": "1",
                            "route.3157545440.cidr_block": "0.0.0.0/0",
                            "route.3157545440.egress_only_gateway_id": "",
                            "route.3157545440.gateway_id": "igw-0cb296767fd9013ac",
                            "route.3157545440.instance_id": "",
                            "route.3157545440.ipv6_cidr_block": "",
                            "route.3157545440.nat_gateway_id": "",
                            "route.3157545440.network_interface_id": "",
                            "route.3157545440.transit_gateway_id": "",
                            "route.3157545440.vpc_peering_connection_id": "",
                            "tags.%": "0",
                            "vpc_id": "vpc-053c3dd350518b217"
                        },
                        "meta": {},
                        "tainted": false
                    },
                    "deposed": [],
                    "provider": "provider.aws"
                },
                "aws_route_table_association.table_association": {
                    "type": "aws_route_table_association",
                    "depends_on": [
                        "aws_route_table.route_table1",
                        "aws_subnet.publicsubnet"
                    ],
                    "primary": {
                        "id": "rtbassoc-07b846654815b0472",
                        "attributes": {
                            "id": "rtbassoc-07b846654815b0472",
                            "route_table_id": "rtb-02157ab5748c9ab9f",
                            "subnet_id": "subnet-00b4c0598e5c1ca8b"
                        },
                        "meta": {},
                        "tainted": false
                    },
                    "deposed": [],
                    "provider": "provider.aws"
                },
                "aws_route_table_association.table_association2": {
                    "type": "aws_route_table_association",
                    "depends_on": [
                        "aws_subnet.Privatesubn",
                        "aws_vpc.customVPC1"
                    ],
                    "primary": {
                        "id": "rtbassoc-0c8bafd698870ef2f",
                        "attributes": {
                            "id": "rtbassoc-0c8bafd698870ef2f",
                            "route_table_id": "rtb-0e25a20d2846148a7",
                            "subnet_id": "subnet-02fa51ab5a1602f59"
                        },
                        "meta": {},
                        "tainted": false
                    },
                    "deposed": [],
                    "provider": "provider.aws"
                },
                "aws_security_group.awsdb_sg": {
                    "type": "aws_security_group",
                    "depends_on": [
                        "aws_vpc.customVPC1"
                    ],
                    "primary": {
                        "id": "sg-0770061432b43c65f",
                        "attributes": {
                            "arn": "arn:aws:ec2:us-east-1:782956392747:security-group/sg-0770061432b43c65f",
                            "description": "Managed by Terraform",
                            "egress.#": "1",
                            "egress.482069346.cidr_blocks.#": "1",
                            "egress.482069346.cidr_blocks.0": "0.0.0.0/0",
                            "egress.482069346.description": "",
                            "egress.482069346.from_port": "0",
                            "egress.482069346.ipv6_cidr_blocks.#": "0",
                            "egress.482069346.prefix_list_ids.#": "0",
                            "egress.482069346.protocol": "-1",
                            "egress.482069346.security_groups.#": "0",
                            "egress.482069346.self": "false",
                            "egress.482069346.to_port": "0",
                            "id": "sg-0770061432b43c65f",
                            "ingress.#": "2",
                            "ingress.1163740523.cidr_blocks.#": "1",
                            "ingress.1163740523.cidr_blocks.0": "0.0.0.0/0",
                            "ingress.1163740523.description": "",
                            "ingress.1163740523.from_port": "3306",
                            "ingress.1163740523.ipv6_cidr_blocks.#": "0",
                            "ingress.1163740523.prefix_list_ids.#": "0",
                            "ingress.1163740523.protocol": "tcp",
                            "ingress.1163740523.security_groups.#": "0",
                            "ingress.1163740523.self": "false",
                            "ingress.1163740523.to_port": "3306",
                            "ingress.2541437006.cidr_blocks.#": "1",
                            "ingress.2541437006.cidr_blocks.0": "0.0.0.0/0",
                            "ingress.2541437006.description": "",
                            "ingress.2541437006.from_port": "22",
                            "ingress.2541437006.ipv6_cidr_blocks.#": "0",
                            "ingress.2541437006.prefix_list_ids.#": "0",
                            "ingress.2541437006.protocol": "tcp",
                            "ingress.2541437006.security_groups.#": "0",
                            "ingress.2541437006.self": "false",
                            "ingress.2541437006.to_port": "22",
                            "name": "AWSDB SG",
                            "owner_id": "782956392747",
                            "revoke_rules_on_delete": "false",
                            "tags.%": "0",
                            "vpc_id": "vpc-053c3dd350518b217"
                        },
                        "meta": {
                            "e2bfb730-ecaa-11e6-8f88-34363bc7c4c0": {
                                "create": 600000000000,
                                "delete": 600000000000
                            },
                            "schema_version": "1"
                        },
                        "tainted": false
                    },
                    "deposed": [],
                    "provider": "provider.aws"
                },
                "aws_subnet.Privatesubn": {
                    "type": "aws_subnet",
                    "depends_on": [
                        "aws_vpc.customVPC1"
                    ],
                    "primary": {
                        "id": "subnet-02fa51ab5a1602f59",
                        "attributes": {
                            "arn": "arn:aws:ec2:us-east-1:782956392747:subnet/subnet-02fa51ab5a1602f59",
                            "assign_ipv6_address_on_creation": "false",
                            "availability_zone": "us-east-1a",
                            "availability_zone_id": "use1-az4",
                            "cidr_block": "10.0.1.0/24",
                            "id": "subnet-02fa51ab5a1602f59",
                            "ipv6_cidr_block": "",
                            "ipv6_cidr_block_association_id": "",
                            "map_public_ip_on_launch": "false",
                            "owner_id": "782956392747",
                            "tags.%": "1",
                            "tags.name": "privatesubnet",
                            "vpc_id": "vpc-053c3dd350518b217"
                        },
                        "meta": {
                            "e2bfb730-ecaa-11e6-8f88-34363bc7c4c0": {
                                "create": 600000000000,
                                "delete": 1200000000000
                            },
                            "schema_version": "1"
                        },
                        "tainted": false
                    },
                    "deposed": [],
                    "provider": "provider.aws"
                },
                "aws_subnet.publicsubnet": {
                    "type": "aws_subnet",
                    "depends_on": [
                        "aws_vpc.customVPC1"
                    ],
                    "primary": {
                        "id": "subnet-00b4c0598e5c1ca8b",
                        "attributes": {
                            "arn": "arn:aws:ec2:us-east-1:782956392747:subnet/subnet-00b4c0598e5c1ca8b",
                            "assign_ipv6_address_on_creation": "false",
                            "availability_zone": "us-east-1b",
                            "availability_zone_id": "use1-az6",
                            "cidr_block": "10.0.129.0/24",
                            "id": "subnet-00b4c0598e5c1ca8b",
                            "ipv6_cidr_block": "",
                            "ipv6_cidr_block_association_id": "",
                            "map_public_ip_on_launch": "true",
                            "owner_id": "782956392747",
                            "tags.%": "1",
                            "tags.name": "publicsubnet",
                            "vpc_id": "vpc-053c3dd350518b217"
                        },
                        "meta": {
                            "e2bfb730-ecaa-11e6-8f88-34363bc7c4c0": {
                                "create": 600000000000,
                                "delete": 1200000000000
                            },
                            "schema_version": "1"
                        },
                        "tainted": false
                    },
                    "deposed": [],
                    "provider": "provider.aws"
                },
                "aws_vpc.customVPC1": {
                    "type": "aws_vpc",
                    "depends_on": [],
                    "primary": {
                        "id": "vpc-053c3dd350518b217",
                        "attributes": {
                            "arn": "arn:aws:ec2:us-east-1:782956392747:vpc/vpc-053c3dd350518b217",
                            "assign_generated_ipv6_cidr_block": "false",
                            "cidr_block": "10.0.0.0/16",
                            "default_network_acl_id": "acl-04e77cd5851a202bc",
                            "default_route_table_id": "rtb-0e25a20d2846148a7",
                            "default_security_group_id": "sg-01957d0597d0a12b7",
                            "dhcp_options_id": "dopt-18cc0962",
                            "enable_classiclink": "false",
                            "enable_classiclink_dns_support": "false",
                            "enable_dns_hostnames": "false",
                            "enable_dns_support": "true",
                            "id": "vpc-053c3dd350518b217",
                            "instance_tenancy": "default",
                            "ipv6_association_id": "",
                            "ipv6_cidr_block": "",
                            "main_route_table_id": "rtb-0e25a20d2846148a7",
                            "owner_id": "782956392747",
                            "tags.%": "1",
                            "tags.Name": "MyowncustomVPC"
                        },
                        "meta": {
                            "schema_version": "1"
                        },
                        "tainted": false
                    },
                    "deposed": [],
                    "provider": "provider.aws"
                }
            },
            "depends_on": []
        }
    ]
}
